
Microsoft Visual Studio Solution File, Format Version 12.00
# Visual Studio Version 16
VisualStudioVersion = 16.0.30517.126
MinimumVisualStudioVersion = 10.0.40219.1
Project("{FAE04EC0-301F-11D3-BF4B-00C04F79EFBC}") = "FridayWorkWithFiles", "FridayWorkWithFiles\FridayWorkWithFiles.csproj", "{DEBB5C72-0942-487C-900F-96BD34DF9689}"
EndProject
Global
	GlobalSection(SolutionConfigurationPlatforms) = preSolution
		Debug|Any CPU = Debug|Any CPU
		Release|Any CPU = Release|Any CPU
	EndGlobalSection
	GlobalSection(ProjectConfigurationPlatforms) = postSolution
		{DEBB5C72-0942-487C-900F-96BD34DF9689}.Debug|Any CPU.ActiveCfg = Debug|Any CPU
		{DEBB5C72-0942-487C-900F-96BD34DF9689}.Debug|Any CPU.Build.0 = Debug|Any CPU
		{DEBB5C72-0942-487C-900F-96BD34DF9689}.Release|Any CPU.ActiveCfg = Release|Any CPU
		{DEBB5C72-0942-487C-900F-96BD34DF9689}.Release|Any CPU.Build.0 = Release|Any CPU
	EndGlobalSection
	GlobalSection(SolutionProperties) = preSolution
		HideSolutionNode = FALSE
	EndGlobalSection
	GlobalSection(ExtensibilityGlobals) = postSolution
		SolutionGuid = {F38DE9AD-2A49-4532-BE50-DB880D55F0CE}
	EndGlobalSection
EndGlobal
